
Microsoft Visual Studio Solution File, Format Version 12.00
# Visual Studio 15
VisualStudioVersion = 15.0.28307.539
MinimumVisualStudioVersion = 10.0.40219.1
Project("{FAE04EC0-301F-11D3-BF4B-00C04F79EFBC}") = "AspCore2dot2", "AspCore2dot2\AspCore2dot2.csproj", "{1ADC3EC9-043B-42A0-BB98-41F11D606969}"
EndProject
Global
	GlobalSection(SolutionConfigurationPlatforms) = preSolution
		Debug|Any CPU = Debug|Any CPU
		Release|Any CPU = Release|Any CPU
	EndGlobalSection
	GlobalSection(ProjectConfigurationPlatforms) = postSolution
		{1ADC3EC9-043B-42A0-BB98-41F11D606969}.Debug|Any CPU.ActiveCfg = Debug|Any CPU
		{1ADC3EC9-043B-42A0-BB98-41F11D606969}.Debug|Any CPU.Build.0 = Debug|Any CPU
		{1ADC3EC9-043B-42A0-BB98-41F11D606969}.Release|Any CPU.ActiveCfg = Release|Any CPU
		{1ADC3EC9-043B-42A0-BB98-41F11D606969}.Release|Any CPU.Build.0 = Release|Any CPU
	EndGlobalSection
	GlobalSection(SolutionProperties) = preSolution
		HideSolutionNode = FALSE
	EndGlobalSection
	GlobalSection(ExtensibilityGlobals) = postSolution
		SolutionGuid = {AD9C177A-B50E-4E26-B7A7-D5371C2BEC2C}
	EndGlobalSection
EndGlobal
